
Microsoft Visual Studio Solution File, Format Version 12.00
# Visual Studio Version 17
VisualStudioVersion = 17.14.36202.13 d17.14
MinimumVisualStudioVersion = 10.0.40219.1
Project("{FAE04EC0-301F-11D3-BF4B-00C04F79EFBC}") = "EmployeeManagementSys.API", "EmployeeManagementSys.API\EmployeeManagementSys.API.csproj", "{796F60C7-C856-45AA-86D4-CE45A9631503}"
EndProject
Project("{FAE04EC0-301F-11D3-BF4B-00C04F79EFBC}") = "EmployeeManagementSys.BL", "EmployeeManagementSys.BL\EmployeeManagementSys.BL.csproj", "{B00DE933-2E88-4BCC-86A5-B8B77E2883F2}"
EndProject
Project("{FAE04EC0-301F-11D3-BF4B-00C04F79EFBC}") = "EmployeeManagementSys.DL", "EmployeeManagementSys.DL\EmployeeManagementSys.DL.csproj", "{DC936A23-F6FD-403E-8FBF-C36011348220}"
EndProject
Global
	GlobalSection(SolutionConfigurationPlatforms) = preSolution
		Debug|Any CPU = Debug|Any CPU
		Release|Any CPU = Release|Any CPU
	EndGlobalSection
	GlobalSection(ProjectConfigurationPlatforms) = postSolution
		{796F60C7-C856-45AA-86D4-CE45A9631503}.Debug|Any CPU.ActiveCfg = Debug|Any CPU
		{796F60C7-C856-45AA-86D4-CE45A9631503}.Debug|Any CPU.Build.0 = Debug|Any CPU
		{796F60C7-C856-45AA-86D4-CE45A9631503}.Release|Any CPU.ActiveCfg = Release|Any CPU
		{796F60C7-C856-45AA-86D4-CE45A9631503}.Release|Any CPU.Build.0 = Release|Any CPU
		{B00DE933-2E88-4BCC-86A5-B8B77E2883F2}.Debug|Any CPU.ActiveCfg = Debug|Any CPU
		{B00DE933-2E88-4BCC-86A5-B8B77E2883F2}.Debug|Any CPU.Build.0 = Debug|Any CPU
		{B00DE933-2E88-4BCC-86A5-B8B77E2883F2}.Release|Any CPU.ActiveCfg = Release|Any CPU
		{B00DE933-2E88-4BCC-86A5-B8B77E2883F2}.Release|Any CPU.Build.0 = Release|Any CPU
		{DC936A23-F6FD-403E-8FBF-C36011348220}.Debug|Any CPU.ActiveCfg = Debug|Any CPU
		{DC936A23-F6FD-403E-8FBF-C36011348220}.Debug|Any CPU.Build.0 = Debug|Any CPU
		{DC936A23-F6FD-403E-8FBF-C36011348220}.Release|Any CPU.ActiveCfg = Release|Any CPU
		{DC936A23-F6FD-403E-8FBF-C36011348220}.Release|Any CPU.Build.0 = Release|Any CPU
	EndGlobalSection
	GlobalSection(SolutionProperties) = preSolution
		HideSolutionNode = FALSE
	EndGlobalSection
	GlobalSection(ExtensibilityGlobals) = postSolution
		SolutionGuid = {6B9B69D4-9D36-4D4A-BFF2-61E23F4DD4D4}
	EndGlobalSection
EndGlobal
